
Microsoft Visual Studio Solution File, Format Version 12.00
# Visual Studio Version 17
VisualStudioVersion = 17.5.33414.496
MinimumVisualStudioVersion = 10.0.40219.1
Project("{FAE04EC0-301F-11D3-BF4B-00C04F79EFBC}") = "DataStructure", "DataStructure.csproj", "{F1D98F8B-29DD-45A4-B939-8F69B15E5E46}"
EndProject
Global
	GlobalSection(SolutionConfigurationPlatforms) = preSolution
		Debug|Any CPU = Debug|Any CPU
		Release|Any CPU = Release|Any CPU
	EndGlobalSection
	GlobalSection(ProjectConfigurationPlatforms) = postSolution
		{F1D98F8B-29DD-45A4-B939-8F69B15E5E46}.Debug|Any CPU.ActiveCfg = Debug|Any CPU
		{F1D98F8B-29DD-45A4-B939-8F69B15E5E46}.Debug|Any CPU.Build.0 = Debug|Any CPU
		{F1D98F8B-29DD-45A4-B939-8F69B15E5E46}.Release|Any CPU.ActiveCfg = Release|Any CPU
		{F1D98F8B-29DD-45A4-B939-8F69B15E5E46}.Release|Any CPU.Build.0 = Release|Any CPU
	EndGlobalSection
	GlobalSection(SolutionProperties) = preSolution
		HideSolutionNode = FALSE
	EndGlobalSection
	GlobalSection(ExtensibilityGlobals) = postSolution
		SolutionGuid = {B673A415-40BA-454D-BFC5-074DD5E7FD3B}
	EndGlobalSection
EndGlobal
